
Microsoft Visual Studio Solution File, Format Version 12.00
# Visual Studio Version 16
VisualStudioVersion = 16.0.32602.291
MinimumVisualStudioVersion = 10.0.40219.1
Project("{FAE04EC0-301F-11D3-BF4B-00C04F79EFBC}") = "Hafta13_Kalitim_1", "Hafta13_Kalitim_1\Hafta13_Kalitim_1.csproj", "{578BBA9B-9067-4224-B82A-42C155C369F0}"
EndProject
Global
	GlobalSection(SolutionConfigurationPlatforms) = preSolution
		Debug|Any CPU = Debug|Any CPU
		Release|Any CPU = Release|Any CPU
	EndGlobalSection
	GlobalSection(ProjectConfigurationPlatforms) = postSolution
		{578BBA9B-9067-4224-B82A-42C155C369F0}.Debug|Any CPU.ActiveCfg = Debug|Any CPU
		{578BBA9B-9067-4224-B82A-42C155C369F0}.Debug|Any CPU.Build.0 = Debug|Any CPU
		{578BBA9B-9067-4224-B82A-42C155C369F0}.Release|Any CPU.ActiveCfg = Release|Any CPU
		{578BBA9B-9067-4224-B82A-42C155C369F0}.Release|Any CPU.Build.0 = Release|Any CPU
	EndGlobalSection
	GlobalSection(SolutionProperties) = preSolution
		HideSolutionNode = FALSE
	EndGlobalSection
	GlobalSection(ExtensibilityGlobals) = postSolution
		SolutionGuid = {F57838C5-4310-4573-B203-0AA798263D3E}
	EndGlobalSection
EndGlobal
